
Microsoft Visual Studio Solution File, Format Version 12.00
# Visual Studio Version 17
VisualStudioVersion = 17.4.33213.308
MinimumVisualStudioVersion = 10.0.40219.1
Project("{FAE04EC0-301F-11D3-BF4B-00C04F79EFBC}") = "Assignment 2", "Assignment 2.csproj", "{118C14FF-442B-465A-8312-613E6FBC0467}"
EndProject
Global
	GlobalSection(SolutionConfigurationPlatforms) = preSolution
		Debug|Any CPU = Debug|Any CPU
		Release|Any CPU = Release|Any CPU
	EndGlobalSection
	GlobalSection(ProjectConfigurationPlatforms) = postSolution
		{118C14FF-442B-465A-8312-613E6FBC0467}.Debug|Any CPU.ActiveCfg = Debug|Any CPU
		{118C14FF-442B-465A-8312-613E6FBC0467}.Debug|Any CPU.Build.0 = Debug|Any CPU
		{118C14FF-442B-465A-8312-613E6FBC0467}.Release|Any CPU.ActiveCfg = Release|Any CPU
		{118C14FF-442B-465A-8312-613E6FBC0467}.Release|Any CPU.Build.0 = Release|Any CPU
	EndGlobalSection
	GlobalSection(SolutionProperties) = preSolution
		HideSolutionNode = FALSE
	EndGlobalSection
	GlobalSection(ExtensibilityGlobals) = postSolution
		SolutionGuid = {B01A6882-564F-4942-8BA9-3B78DD62852C}
	EndGlobalSection
EndGlobal
