
Microsoft Visual Studio Solution File, Format Version 12.00
# Visual Studio Version 17
VisualStudioVersion = 17.5.33502.453
MinimumVisualStudioVersion = 10.0.40219.1
Project("{FAE04EC0-301F-11D3-BF4B-00C04F79EFBC}") = "Assignment6C", "Assignment6C.csproj", "{5713501B-A3F9-4A40-BD6C-3ECA40FBFE47}"
EndProject
Global
	GlobalSection(SolutionConfigurationPlatforms) = preSolution
		Debug|Any CPU = Debug|Any CPU
		Release|Any CPU = Release|Any CPU
	EndGlobalSection
	GlobalSection(ProjectConfigurationPlatforms) = postSolution
		{5713501B-A3F9-4A40-BD6C-3ECA40FBFE47}.Debug|Any CPU.ActiveCfg = Debug|Any CPU
		{5713501B-A3F9-4A40-BD6C-3ECA40FBFE47}.Debug|Any CPU.Build.0 = Debug|Any CPU
		{5713501B-A3F9-4A40-BD6C-3ECA40FBFE47}.Release|Any CPU.ActiveCfg = Release|Any CPU
		{5713501B-A3F9-4A40-BD6C-3ECA40FBFE47}.Release|Any CPU.Build.0 = Release|Any CPU
	EndGlobalSection
	GlobalSection(SolutionProperties) = preSolution
		HideSolutionNode = FALSE
	EndGlobalSection
	GlobalSection(ExtensibilityGlobals) = postSolution
		SolutionGuid = {54643732-8376-4C31-A5E1-D7F713DC930A}
	EndGlobalSection
EndGlobal
